{
  "name": "aligner",
  "version": "1.2.4",
  "lockfileVersion": 2,
  "requires": true,
  "packages": {
    "": {
      "name": "aligner",
      "version": "1.2.4",
      "license": "MIT",
      "dependencies": {
        "atom-package-deps": "^7.2.2",
        "extend": "^3.0.2"
      },
      "devDependencies": {
        "prettier": "^2.2.1"
      },
      "engines": {
        "atom": ">=1.40.0"
      }
    },
    "node_modules/atom-package-deps": {
      "version": "7.2.2",
      "resolved": "https://registry.npmjs.org/atom-package-deps/-/atom-package-deps-7.2.2.tgz",
      "integrity": "sha512-xV4l1Ll987zluBjMiYGtDbZbdM5PF/hOECgaI2mv2+dNzbuugd2M+A2liw1JUenuGrngGw/wcpPqXpAVMGFeDw==",
      "bin": {
        "atom-package-deps": "lib/bin.js"
      }
    },
    "node_modules/extend": {
      "version": "3.0.2",
      "resolved": "https://registry.npmjs.org/extend/-/extend-3.0.2.tgz",
      "integrity": "sha512-fjquC59cD7CyW6urNXK0FBufkZcoiGG80wTuPujX590cB5Ttln20E2UB4S/WARVqhXffZl2LNgS+gQdPIIim/g=="
    },
    "node_modules/prettier": {
      "version": "2.2.1",
      "resolved": "https://registry.npmjs.org/prettier/-/prettier-2.2.1.tgz",
      "integrity": "sha512-PqyhM2yCjg/oKkFPtTGUojv7gnZAoG80ttl45O6x2Ug/rMJw4wcc9k6aaf2hibP7BGVCCM33gZoGjyvt9mm16Q==",
      "dev": true,
      "bin": {
        "prettier": "bin-prettier.js"
      },
      "engines": {
        "node": ">=10.13.0"
      }
    }
  },
  "dependencies": {
    "atom-package-deps": {
      "version": "7.2.2",
      "resolved": "https://registry.npmjs.org/atom-package-deps/-/atom-package-deps-7.2.2.tgz",
      "integrity": "sha512-xV4l1Ll987zluBjMiYGtDbZbdM5PF/hOECgaI2mv2+dNzbuugd2M+A2liw1JUenuGrngGw/wcpPqXpAVMGFeDw=="
    },
    "extend": {
      "version": "3.0.2",
      "resolved": "https://registry.npmjs.org/extend/-/extend-3.0.2.tgz",
      "integrity": "sha512-fjquC59cD7CyW6urNXK0FBufkZcoiGG80wTuPujX590cB5Ttln20E2UB4S/WARVqhXffZl2LNgS+gQdPIIim/g=="
    },
    "prettier": {
      "version": "2.2.1",
      "resolved": "https://registry.npmjs.org/prettier/-/prettier-2.2.1.tgz",
      "integrity": "sha512-PqyhM2yCjg/oKkFPtTGUojv7gnZAoG80ttl45O6x2Ug/rMJw4wcc9k6aaf2hibP7BGVCCM33gZoGjyvt9mm16Q==",
      "dev": true
    }
  }
}
